// !$*UTF8*$!
{
	archiveVersion = 1;
	classes = {
	};
	objectVersion = 77;
	objects = {

/* Begin PBXBuildFile section */
		73241DEA2F7D99FB00A3A82E /* Major.swift in Sources */ = {isa = PBXBuildFile; fileRef = 73241DE92F7D99FB00A3A82E /* Major.swift */; };
		88DA3D642F7BF805008AB7A8 /* Assets.xcassets in Resources */ = {isa = PBXBuildFile; fileRef = 88DA3D602F7BF805008AB7A8 /* Assets.xcassets */; };
		88DA3D652F7BF805008AB7A8 /* ContentView.swift in Sources */ = {isa = PBXBuildFile; fileRef = 88DA3D612F7BF805008AB7A8 /* ContentView.swift */; };
		88DA3D662F7BF805008AB7A8 /* YoungConApp.swift in Sources */ = {isa = PBXBuildFile; fileRef = 88DA3D622F7BF805008AB7A8 /* YoungConApp.swift */; };
		88DA3D692F7BF808008AB7A8 /* YoungConTests.swift in Sources */ = {isa = PBXBuildFile; fileRef = 88DA3D672F7BF808008AB7A8 /* YoungConTests.swift */; };
		88DA3D6D2F7BF81E008AB7A8 /* YoungConUITests.swift in Sources */ = {isa = PBXBuildFile; fileRef = 88DA3D6A2F7BF81E008AB7A8 /* YoungConUITests.swift */; };
		88DA3D6E2F7BF81E008AB7A8 /* YoungConUITestsLaunchTests.swift in Sources */ = {isa = PBXBuildFile; fileRef = 88DA3D6B2F7BF81E008AB7A8 /* YoungConUITestsLaunchTests.swift */; };
		88DA3D772F7BF805008AB7A8 /* Achievement.swift in Sources */ = {isa = PBXBuildFile; fileRef = 88DA3D752F7BF805008AB7A8 /* Achievement.swift */; };
		88DA3D782F7BF805008AB7A8 /* Event.swift in Sources */ = {isa = PBXBuildFile; fileRef = 88DA3D712F7BF805008AB7A8 /* Event.swift */; };
		88DA3D792F7BF805008AB7A8 /* Floor.swift in Sources */ = {isa = PBXBuildFile; fileRef = 88DA3D732F7BF805008AB7A8 /* Floor.swift */; };
		88DA3D7A2F7BF805008AB7A8 /* NetworkService.swift in Sources */ = {isa = PBXBuildFile; fileRef = 88DA3D702F7BF805008AB7A8 /* NetworkService.swift */; };
		88DA3D7B2F7BF805008AB7A8 /* Speaker.swift in Sources */ = {isa = PBXBuildFile; fileRef = 88DA3D722F7BF805008AB7A8 /* Speaker.swift */; };
		88DA3D7D2F7BF805008AB7A8 /* Zone.swift in Sources */ = {isa = PBXBuildFile; fileRef = 88DA3D742F7BF805008AB7A8 /* Zone.swift */; };
/* End PBXBuildFile section */

/* Begin PBXContainerItemProxy section */
		88DA3D442F7BF7DC008AB7A8 /* PBXContainerItemProxy */ = {
			isa = PBXContainerItemProxy;
			containerPortal = 88DA3D2E2F7BF7DA008AB7A8 /* Project object */;
			proxyType = 1;
			remoteGlobalIDString = 88DA3D352F7BF7DA008AB7A8;
			remoteInfo = YoungCon;
		};
		88DA3D4E2F7BF7DC008AB7A8 /* PBXContainerItemProxy */ = {
			isa = PBXContainerItemProxy;
			containerPortal = 88DA3D2E2F7BF7DA008AB7A8 /* Project object */;
			proxyType = 1;
			remoteGlobalIDString = 88DA3D352F7BF7DA008AB7A8;
			remoteInfo = YoungCon;
		};
/* End PBXContainerItemProxy section */

/* Begin PBXFileReference section */
		73241DE92F7D99FB00A3A82E /* Major.swift */ = {isa = PBXFileReference; lastKnownFileType = sourcecode.swift; path = Major.swift; sourceTree = "<group>"; };
		88DA3D362F7BF7DA008AB7A8 /* YoungCon.app */ = {isa = PBXFileReference; explicitFileType = wrapper.application; includeInIndex = 0; path = YoungCon.app; sourceTree = BUILT_PRODUCTS_DIR; };
		88DA3D432F7BF7DC008AB7A8 /* YoungConTests.xctest */ = {isa = PBXFileReference; explicitFileType = wrapper.cfbundle; includeInIndex = 0; path = YoungConTests.xctest; sourceTree = BUILT_PRODUCTS_DIR; };
		88DA3D4D2F7BF7DC008AB7A8 /* YoungConUITests.xctest */ = {isa = PBXFileReference; explicitFileType = wrapper.cfbundle; includeInIndex = 0; path = YoungConUITests.xctest; sourceTree = BUILT_PRODUCTS_DIR; };
		88DA3D602F7BF805008AB7A8 /* Assets.xcassets */ = {isa = PBXFileReference; lastKnownFileType = folder.assetcatalog; path = Assets.xcassets; sourceTree = "<group>"; };
		88DA3D612F7BF805008AB7A8 /* ContentView.swift */ = {isa = PBXFileReference; lastKnownFileType = sourcecode.swift; path = ContentView.swift; sourceTree = "<group>"; };
		88DA3D622F7BF805008AB7A8 /* YoungConApp.swift */ = {isa = PBXFileReference; lastKnownFileType = sourcecode.swift; path = YoungConApp.swift; sourceTree = "<group>"; };
		88DA3D672F7BF808008AB7A8 /* YoungConTests.swift */ = {isa = PBXFileReference; lastKnownFileType = sourcecode.swift; path = YoungConTests.swift; sourceTree = "<group>"; };
		88DA3D6A2F7BF81E008AB7A8 /* YoungConUITests.swift */ = {isa = PBXFileReference; lastKnownFileType = sourcecode.swift; path = YoungConUITests.swift; sourceTree = "<group>"; };
		88DA3D6B2F7BF81E008AB7A8 /* YoungConUITestsLaunchTests.swift */ = {isa = PBXFileReference; lastKnownFileType = sourcecode.swift; path = YoungConUITestsLaunchTests.swift; sourceTree = "<group>"; };
		88DA3D702F7BF805008AB7A8 /* NetworkService.swift */ = {isa = PBXFileReference; lastKnownFileType = sourcecode.swift; path = NetworkService.swift; sourceTree = "<group>"; };
		88DA3D712F7BF805008AB7A8 /* Event.swift */ = {isa = PBXFileReference; lastKnownFileType = sourcecode.swift; path = Event.swift; sourceTree = "<group>"; };
		88DA3D722F7BF805008AB7A8 /* Speaker.swift */ = {isa = PBXFileReference; lastKnownFileType = sourcecode.swift; path = Speaker.swift; sourceTree = "<group>"; };
		88DA3D732F7BF805008AB7A8 /* Floor.swift */ = {isa = PBXFileReference; lastKnownFileType = sourcecode.swift; path = Floor.swift; sourceTree = "<group>"; };
		88DA3D742F7BF805008AB7A8 /* Zone.swift */ = {isa = PBXFileReference; lastKnownFileType = sourcecode.swift; path = Zone.swift; sourceTree = "<group>"; };
		88DA3D752F7BF805008AB7A8 /* Achievement.swift */ = {isa = PBXFileReference; lastKnownFileType = sourcecode.swift; path = Achievement.swift; sourceTree = "<group>"; };
/* End PBXFileReference section */

/* Begin PBXFileSystemSynchronizedRootGroup section */
		73241DED2F7E499F00A3A82E /* User */ = {
			isa = PBXFileSystemSynchronizedRootGroup;
			path = User;
			sourceTree = "<group>";
		};
/* End PBXFileSystemSynchronizedRootGroup section */

/* Begin PBXFrameworksBuildPhase section */
		88DA3D332F7BF7DA008AB7A8 /* Frameworks */ = {
			isa = PBXFrameworksBuildPhase;
			buildActionMask = 2147483647;
			files = (
			);
			runOnlyForDeploymentPostprocessing = 0;
		};
		88DA3D402F7BF7DC008AB7A8 /* Frameworks */ = {
			isa = PBXFrameworksBuildPhase;
			buildActionMask = 2147483647;
			files = (
			);
			runOnlyForDeploymentPostprocessing = 0;
		};
		88DA3D4A2F7BF7DC008AB7A8 /* Frameworks */ = {
			isa = PBXFrameworksBuildPhase;
			buildActionMask = 2147483647;
			files = (
			);
			runOnlyForDeploymentPostprocessing = 0;
		};
/* End PBXFrameworksBuildPhase section */

/* Begin PBXGroup section */
		88DA3D2D2F7BF7DA008AB7A8 = {
			isa = PBXGroup;
			children = (
				88DA3D632F7BF805008AB7A8 /* YoungCon */,
				88DA3D682F7BF808008AB7A8 /* YoungConTests */,
				88DA3D6C2F7BF81E008AB7A8 /* YoungConUITests */,
				88DA3D372F7BF7DA008AB7A8 /* Products */,
			);
			sourceTree = "<group>";
		};
		88DA3D372F7BF7DA008AB7A8 /* Products */ = {
			isa = PBXGroup;
			children = (
				88DA3D362F7BF7DA008AB7A8 /* YoungCon.app */,
				88DA3D432F7BF7DC008AB7A8 /* YoungConTests.xctest */,
				88DA3D4D2F7BF7DC008AB7A8 /* YoungConUITests.xctest */,
			);
			name = Products;
			sourceTree = "<group>";
		};
		88DA3D632F7BF805008AB7A8 /* YoungCon */ = {
			isa = PBXGroup;
			children = (
				88DA3D7E2F7BF805008AB7A8 /* App */,
				88DA3D602F7BF805008AB7A8 /* Assets.xcassets */,
				88DA3D802F7BF805008AB7A8 /* Data */,
				88DA3D822F7BF805008AB7A8 /* Domain */,
				88DA3D7F2F7BF805008AB7A8 /* Presentation */,
			);
			path = YoungCon;
			sourceTree = "<group>";
		};
		88DA3D682F7BF808008AB7A8 /* YoungConTests */ = {
			isa = PBXGroup;
			children = (
				88DA3D672F7BF808008AB7A8 /* YoungConTests.swift */,
			);
			path = YoungConTests;
			sourceTree = "<group>";
		};
		88DA3D6C2F7BF81E008AB7A8 /* YoungConUITests */ = {
			isa = PBXGroup;
			children = (
				88DA3D6A2F7BF81E008AB7A8 /* YoungConUITests.swift */,
				88DA3D6B2F7BF81E008AB7A8 /* YoungConUITestsLaunchTests.swift */,
			);
			path = YoungConUITests;
			sourceTree = "<group>";
		};
		88DA3D7E2F7BF805008AB7A8 /* App */ = {
			isa = PBXGroup;
			children = (
				88DA3D622F7BF805008AB7A8 /* YoungConApp.swift */,
			);
			path = App;
			sourceTree = "<group>";
		};
		88DA3D7F2F7BF805008AB7A8 /* Presentation */ = {
			isa = PBXGroup;
			children = (
				88DA3D612F7BF805008AB7A8 /* ContentView.swift */,
			);
			path = Presentation;
			sourceTree = "<group>";
		};
		88DA3D802F7BF805008AB7A8 /* Data */ = {
			isa = PBXGroup;
			children = (
				88DA3D812F7BF805008AB7A8 /* Network */,
			);
			path = Data;
			sourceTree = "<group>";
		};
		88DA3D812F7BF805008AB7A8 /* Network */ = {
			isa = PBXGroup;
			children = (
				88DA3D702F7BF805008AB7A8 /* NetworkService.swift */,
			);
			path = Network;
			sourceTree = "<group>";
		};
		88DA3D822F7BF805008AB7A8 /* Domain */ = {
			isa = PBXGroup;
			children = (
				88DA3D832F7BF805008AB7A8 /* Entities */,
			);
			path = Domain;
			sourceTree = "<group>";
		};
		88DA3D832F7BF805008AB7A8 /* Entities */ = {
			isa = PBXGroup;
			children = (
				88DA3D862F7BF805008AB7A8 /* Badge */,
				88DA3D852F7BF805008AB7A8 /* Map */,
				88DA3D842F7BF805008AB7A8 /* Schedule */,
			);
			path = Entities;
			sourceTree = "<group>";
		};
		88DA3D842F7BF805008AB7A8 /* Schedule */ = {
			isa = PBXGroup;
			children = (
				88DA3D712F7BF805008AB7A8 /* Event.swift */,
				88DA3D722F7BF805008AB7A8 /* Speaker.swift */,
			);
			path = Schedule;
			sourceTree = "<group>";
		};
		88DA3D852F7BF805008AB7A8 /* Map */ = {
			isa = PBXGroup;
			children = (
				88DA3D732F7BF805008AB7A8 /* Floor.swift */,
				88DA3D742F7BF805008AB7A8 /* Zone.swift */,
			);
			path = Map;
			sourceTree = "<group>";
		};
		88DA3D862F7BF805008AB7A8 /* Badge */ = {
			isa = PBXGroup;
			children = (
				73241DED2F7E499F00A3A82E /* User */,
				88DA3D752F7BF805008AB7A8 /* Achievement.swift */,
				73241DE92F7D99FB00A3A82E /* Major.swift */,
			);
			path = Badge;
			sourceTree = "<group>";
		};
/* End PBXGroup section */

/* Begin PBXNativeTarget section */
		88DA3D352F7BF7DA008AB7A8 /* YoungCon */ = {
			isa = PBXNativeTarget;
			buildConfigurationList = 88DA3D572F7BF7DC008AB7A8 /* Build configuration list for PBXNativeTarget "YoungCon" */;
			buildPhases = (
				88DA3D322F7BF7DA008AB7A8 /* Sources */,
				88DA3D332F7BF7DA008AB7A8 /* Frameworks */,
				88DA3D342F7BF7DA008AB7A8 /* Resources */,
			);
			buildRules = (
			);
			dependencies = (
			);
			fileSystemSynchronizedGroups = (
				73241DED2F7E499F00A3A82E /* User */,
			);
			name = YoungCon;
			packageProductDependencies = (
			);
			productName = YoungCon;
			productReference = 88DA3D362F7BF7DA008AB7A8 /* YoungCon.app */;
			productType = "com.apple.product-type.application";
		};
		88DA3D422F7BF7DC008AB7A8 /* YoungConTests */ = {
			isa = PBXNativeTarget;
			buildConfigurationList = 88DA3D5A2F7BF7DC008AB7A8 /* Build configuration list for PBXNativeTarget "YoungConTests" */;
			buildPhases = (
				88DA3D3F2F7BF7DC008AB7A8 /* Sources */,
				88DA3D402F7BF7DC008AB7A8 /* Frameworks */,
				88DA3D412F7BF7DC008AB7A8 /* Resources */,
			);
			buildRules = (
			);
			dependencies = (
				88DA3D452F7BF7DC008AB7A8 /* PBXTargetDependency */,
			);
			name = YoungConTests;
			packageProductDependencies = (
			);
			productName = YoungConTests;
			productReference = 88DA3D432F7BF7DC008AB7A8 /* YoungConTests.xctest */;
			productType = "com.apple.product-type.bundle.unit-test";
		};
		88DA3D4C2F7BF7DC008AB7A8 /* YoungConUITests */ = {
			isa = PBXNativeTarget;
			buildConfigurationList = 88DA3D5D2F7BF7DC008AB7A8 /* Build configuration list for PBXNativeTarget "YoungConUITests" */;
			buildPhases = (
				88DA3D492F7BF7DC008AB7A8 /* Sources */,
				88DA3D4A2F7BF7DC008AB7A8 /* Frameworks */,
				88DA3D4B2F7BF7DC008AB7A8 /* Resources */,
			);
			buildRules = (
			);
			dependencies = (
				88DA3D4F2F7BF7DC008AB7A8 /* PBXTargetDependency */,
			);
			name = YoungConUITests;
			packageProductDependencies = (
			);
			productName = YoungConUITests;
			productReference = 88DA3D4D2F7BF7DC008AB7A8 /* YoungConUITests.xctest */;
			productType = "com.apple.product-type.bundle.ui-testing";
		};
/* End PBXNativeTarget section */

/* Begin PBXProject section */
		88DA3D2E2F7BF7DA008AB7A8 /* Project object */ = {
			isa = PBXProject;
			attributes = {
				BuildIndependentTargetsInParallel = 1;
				LastSwiftUpdateCheck = 2640;
				LastUpgradeCheck = 2640;
				TargetAttributes = {
					88DA3D352F7BF7DA008AB7A8 = {
						CreatedOnToolsVersion = 26.4;
					};
					88DA3D422F7BF7DC008AB7A8 = {
						CreatedOnToolsVersion = 26.4;
						TestTargetID = 88DA3D352F7BF7DA008AB7A8;
					};
					88DA3D4C2F7BF7DC008AB7A8 = {
						CreatedOnToolsVersion = 26.4;
						TestTargetID = 88DA3D352F7BF7DA008AB7A8;
					};
				};
			};
			buildConfigurationList = 88DA3D312F7BF7DA008AB7A8 /* Build configuration list for PBXProject "YoungCon" */;
			developmentRegion = en;
			hasScannedForEncodings = 0;
			knownRegions = (
				en,
				Base,
			);
			mainGroup = 88DA3D2D2F7BF7DA008AB7A8;
			minimizedProjectReferenceProxies = 1;
			preferredProjectObjectVersion = 77;
			productRefGroup = 88DA3D372F7BF7DA008AB7A8 /* Products */;
			projectDirPath = "";
			projectRoot = "";
			targets = (
				88DA3D352F7BF7DA008AB7A8 /* YoungCon */,
				88DA3D422F7BF7DC008AB7A8 /* YoungConTests */,
				88DA3D4C2F7BF7DC008AB7A8 /* YoungConUITests */,
			);
		};
/* End PBXProject section */

/* Begin PBXResourcesBuildPhase section */
		88DA3D342F7BF7DA008AB7A8 /* Resources */ = {
			isa = PBXResourcesBuildPhase;
			buildActionMask = 2147483647;
			files = (
				88DA3D642F7BF805008AB7A8 /* Assets.xcassets in Resources */,
			);
			runOnlyForDeploymentPostprocessing = 0;
		};
		88DA3D412F7BF7DC008AB7A8 /* Resources */ = {
			isa = PBXResourcesBuildPhase;
			buildActionMask = 2147483647;
			files = (
			);
			runOnlyForDeploymentPostprocessing = 0;
		};
		88DA3D4B2F7BF7DC008AB7A8 /* Resources */ = {
			isa = PBXResourcesBuildPhase;
			buildActionMask = 2147483647;
			files = (
			);
			runOnlyForDeploymentPostprocessing = 0;
		};
/* End PBXResourcesBuildPhase section */

/* Begin PBXSourcesBuildPhase section */
		88DA3D322F7BF7DA008AB7A8 /* Sources */ = {
			isa = PBXSourcesBuildPhase;
			buildActionMask = 2147483647;
			files = (
				88DA3D772F7BF805008AB7A8 /* Achievement.swift in Sources */,
				88DA3D652F7BF805008AB7A8 /* ContentView.swift in Sources */,
				88DA3D782F7BF805008AB7A8 /* Event.swift in Sources */,
				88DA3D792F7BF805008AB7A8 /* Floor.swift in Sources */,
				88DA3D7A2F7BF805008AB7A8 /* NetworkService.swift in Sources */,
				88DA3D7B2F7BF805008AB7A8 /* Speaker.swift in Sources */,
				88DA3D662F7BF805008AB7A8 /* YoungConApp.swift in Sources */,
				88DA3D7D2F7BF805008AB7A8 /* Zone.swift in Sources */,
				73241DEA2F7D99FB00A3A82E /* Major.swift in Sources */,
			);
			runOnlyForDeploymentPostprocessing = 0;
		};
		88DA3D3F2F7BF7DC008AB7A8 /* Sources */ = {
			isa = PBXSourcesBuildPhase;
			buildActionMask = 2147483647;
			files = (
				88DA3D692F7BF808008AB7A8 /* YoungConTests.swift in Sources */,
			);
			runOnlyForDeploymentPostprocessing = 0;
		};
		88DA3D492F7BF7DC008AB7A8 /* Sources */ = {
			isa = PBXSourcesBuildPhase;
			buildActionMask = 2147483647;
			files = (
				88DA3D6D2F7BF81E008AB7A8 /* YoungConUITests.swift in Sources */,
				88DA3D6E2F7BF81E008AB7A8 /* YoungConUITestsLaunchTests.swift in Sources */,
			);
			runOnlyForDeploymentPostprocessing = 0;
		};
/* End PBXSourcesBuildPhase section */

/* Begin PBXTargetDependency section */
		88DA3D452F7BF7DC008AB7A8 /* PBXTargetDependency */ = {
			isa = PBXTargetDependency;
			target = 88DA3D352F7BF7DA008AB7A8 /* YoungCon */;
			targetProxy = 88DA3D442F7BF7DC008AB7A8 /* PBXContainerItemProxy */;
		};
		88DA3D4F2F7BF7DC008AB7A8 /* PBXTargetDependency */ = {
			isa = PBXTargetDependency;
			target = 88DA3D352F7BF7DA008AB7A8 /* YoungCon */;
			targetProxy = 88DA3D4E2F7BF7DC008AB7A8 /* PBXContainerItemProxy */;
		};
/* End PBXTargetDependency section */

/* Begin XCBuildConfiguration section */
		88DA3D552F7BF7DC008AB7A8 /* Debug */ = {
			isa = XCBuildConfiguration;
			buildSettings = {
				ALWAYS_SEARCH_USER_PATHS = NO;
				ASSETCATALOG_COMPILER_GENERATE_SWIFT_ASSET_SYMBOL_EXTENSIONS = YES;
				CLANG_ANALYZER_NONNULL = YES;
				CLANG_ANALYZER_NUMBER_OBJECT_CONVERSION = YES_AGGRESSIVE;
				CLANG_CXX_LANGUAGE_STANDARD = "gnu++20";
				CLANG_ENABLE_MODULES = YES;
				CLANG_ENABLE_OBJC_ARC = YES;
				CLANG_ENABLE_OBJC_WEAK = YES;
				CLANG_WARN_BLOCK_CAPTURE_AUTORELEASING = YES;
				CLANG_WARN_BOOL_CONVERSION = YES;
				CLANG_WARN_COMMA = YES;
				CLANG_WARN_CONSTANT_CONVERSION = YES;
				CLANG_WARN_DEPRECATED_OBJC_IMPLEMENTATIONS = YES;
				CLANG_WARN_DIRECT_OBJC_ISA_USAGE = YES_ERROR;
				CLANG_WARN_DOCUMENTATION_COMMENTS = YES;
				CLANG_WARN_EMPTY_BODY = YES;
				CLANG_WARN_ENUM_CONVERSION = YES;
				CLANG_WARN_INFINITE_RECURSION = YES;
				CLANG_WARN_INT_CONVERSION = YES;
				CLANG_WARN_NON_LITERAL_NULL_CONVERSION = YES;
				CLANG_WARN_OBJC_IMPLICIT_RETAIN_SELF = YES;
				CLANG_WARN_OBJC_LITERAL_CONVERSION = YES;
				CLANG_WARN_OBJC_ROOT_CLASS = YES_ERROR;
				CLANG_WARN_QUOTED_INCLUDE_IN_FRAMEWORK_HEADER = YES;
				CLANG_WARN_RANGE_LOOP_ANALYSIS = YES;
				CLANG_WARN_STRICT_PROTOTYPES = YES;
				CLANG_WARN_SUSPICIOUS_MOVE = YES;
				CLANG_WARN_UNGUARDED_AVAILABILITY = YES_AGGRESSIVE;
				CLANG_WARN_UNREACHABLE_CODE = YES;
				CLANG_WARN__DUPLICATE_METHOD_MATCH = YES;
				COPY_PHASE_STRIP = NO;
				DEBUG_INFORMATION_FORMAT = dwarf;
				DEVELOPMENT_TEAM = 3XMQDQF9VR;
				ENABLE_STRICT_OBJC_MSGSEND = YES;
				ENABLE_TESTABILITY = YES;
				ENABLE_USER_SCRIPT_SANDBOXING = YES;
				GCC_C_LANGUAGE_STANDARD = gnu17;
				GCC_DYNAMIC_NO_PIC = NO;
				GCC_NO_COMMON_BLOCKS = YES;
				GCC_OPTIMIZATION_LEVEL = 0;
				GCC_PREPROCESSOR_DEFINITIONS = (
					"DEBUG=1",
					"$(inherited)",
				);
				GCC_WARN_64_TO_32_BIT_CONVERSION = YES;
				GCC_WARN_ABOUT_RETURN_TYPE = YES_ERROR;
				GCC_WARN_UNDECLARED_SELECTOR = YES;
				GCC_WARN_UNINITIALIZED_AUTOS = YES_AGGRESSIVE;
				GCC_WARN_UNUSED_FUNCTION = YES;
				GCC_WARN_UNUSED_VARIABLE = YES;
				IPHONEOS_DEPLOYMENT_TARGET = 17.6;
				LOCALIZATION_PREFERS_STRING_CATALOGS = YES;
				MTL_ENABLE_DEBUG_INFO = INCLUDE_SOURCE;
				MTL_FAST_MATH = YES;
				ONLY_ACTIVE_ARCH = YES;
				SDKROOT = iphoneos;
				SWIFT_ACTIVE_COMPILATION_CONDITIONS = "DEBUG $(inherited)";
				SWIFT_OPTIMIZATION_LEVEL = "-Onone";
			};
			name = Debug;
		};
		88DA3D562F7BF7DC008AB7A8 /* Release */ = {
			isa = XCBuildConfiguration;
			buildSettings = {
				ALWAYS_SEARCH_USER_PATHS = NO;
				ASSETCATALOG_COMPILER_GENERATE_SWIFT_ASSET_SYMBOL_EXTENSIONS = YES;
				CLANG_ANALYZER_NONNULL = YES;
				CLANG_ANALYZER_NUMBER_OBJECT_CONVERSION = YES_AGGRESSIVE;
				CLANG_CXX_LANGUAGE_STANDARD = "gnu++20";
				CLANG_ENABLE_MODULES = YES;
				CLANG_ENABLE_OBJC_ARC = YES;
				CLANG_ENABLE_OBJC_WEAK = YES;
				CLANG_WARN_BLOCK_CAPTURE_AUTORELEASING = YES;
				CLANG_WARN_BOOL_CONVERSION = YES;
				CLANG_WARN_COMMA = YES;
				CLANG_WARN_CONSTANT_CONVERSION = YES;
				CLANG_WARN_DEPRECATED_OBJC_IMPLEMENTATIONS = YES;
				CLANG_WARN_DIRECT_OBJC_ISA_USAGE = YES_ERROR;
				CLANG_WARN_DOCUMENTATION_COMMENTS = YES;
				CLANG_WARN_EMPTY_BODY = YES;
				CLANG_WARN_ENUM_CONVERSION = YES;
				CLANG_WARN_INFINITE_RECURSION = YES;
				CLANG_WARN_INT_CONVERSION = YES;
				CLANG_WARN_NON_LITERAL_NULL_CONVERSION = YES;
				CLANG_WARN_OBJC_IMPLICIT_RETAIN_SELF = YES;
				CLANG_WARN_OBJC_LITERAL_CONVERSION = YES;
				CLANG_WARN_OBJC_ROOT_CLASS = YES_ERROR;
				CLANG_WARN_QUOTED_INCLUDE_IN_FRAMEWORK_HEADER = YES;
				CLANG_WARN_RANGE_LOOP_ANALYSIS = YES;
				CLANG_WARN_STRICT_PROTOTYPES = YES;
				CLANG_WARN_SUSPICIOUS_MOVE = YES;
				CLANG_WARN_UNGUARDED_AVAILABILITY = YES_AGGRESSIVE;
				CLANG_WARN_UNREACHABLE_CODE = YES;
				CLANG_WARN__DUPLICATE_METHOD_MATCH = YES;
				COPY_PHASE_STRIP = NO;
				DEBUG_INFORMATION_FORMAT = "dwarf-with-dsym";
				DEVELOPMENT_TEAM = 3XMQDQF9VR;
				ENABLE_NS_ASSERTIONS = NO;
				ENABLE_STRICT_OBJC_MSGSEND = YES;
				ENABLE_USER_SCRIPT_SANDBOXING = YES;
				GCC_C_LANGUAGE_STANDARD = gnu17;
				GCC_NO_COMMON_BLOCKS = YES;
				GCC_WARN_64_TO_32_BIT_CONVERSION = YES;
				GCC_WARN_ABOUT_RETURN_TYPE = YES_ERROR;
				GCC_WARN_UNDECLARED_SELECTOR = YES;
				GCC_WARN_UNINITIALIZED_AUTOS = YES_AGGRESSIVE;
				GCC_WARN_UNUSED_FUNCTION = YES;
				GCC_WARN_UNUSED_VARIABLE = YES;
				IPHONEOS_DEPLOYMENT_TARGET = 17.6;
				LOCALIZATION_PREFERS_STRING_CATALOGS = YES;
				MTL_ENABLE_DEBUG_INFO = NO;
				MTL_FAST_MATH = YES;
				SDKROOT = iphoneos;
				SWIFT_COMPILATION_MODE = wholemodule;
				VALIDATE_PRODUCT = YES;
			};
			name = Release;
		};
		88DA3D582F7BF7DC008AB7A8 /* Debug */ = {
			isa = XCBuildConfiguration;
			buildSettings = {
				ASSETCATALOG_COMPILER_APPICON_NAME = AppIcon;
				ASSETCATALOG_COMPILER_GLOBAL_ACCENT_COLOR_NAME = AccentColor;
				CODE_SIGN_STYLE = Automatic;
				CURRENT_PROJECT_VERSION = 1;
				DEVELOPMENT_TEAM = 3XMQDQF9VR;
				ENABLE_PREVIEWS = YES;
				GENERATE_INFOPLIST_FILE = YES;
				INFOPLIST_KEY_LSApplicationCategoryType = "public.app-category.entertainment";
				INFOPLIST_KEY_UIApplicationSceneManifest_Generation = YES;
				INFOPLIST_KEY_UIApplicationSupportsIndirectInputEvents = YES;
				INFOPLIST_KEY_UILaunchScreen_Generation = YES;
				INFOPLIST_KEY_UISupportedInterfaceOrientations_iPad = "UIInterfaceOrientationPortrait UIInterfaceOrientationPortraitUpsideDown UIInterfaceOrientationLandscapeLeft UIInterfaceOrientationLandscapeRight";
				INFOPLIST_KEY_UISupportedInterfaceOrientations_iPhone = "UIInterfaceOrientationPortrait UIInterfaceOrientationLandscapeLeft UIInterfaceOrientationLandscapeRight";
				IPHONEOS_DEPLOYMENT_TARGET = 17.0;
				LD_RUNPATH_SEARCH_PATHS = (
					"$(inherited)",
					"@executable_path/Frameworks",
				);
				MARKETING_VERSION = 1.0;
				PRODUCT_BUNDLE_IDENTIFIER = zayata.YoungCon;
				PRODUCT_NAME = "$(TARGET_NAME)";
				STRING_CATALOG_GENERATE_SYMBOLS = YES;
				SUPPORTED_PLATFORMS = "iphoneos iphonesimulator";
				SUPPORTS_MACCATALYST = NO;
				SUPPORTS_MAC_DESIGNED_FOR_IPHONE_IPAD = NO;
				SUPPORTS_XR_DESIGNED_FOR_IPHONE_IPAD = NO;
				SWIFT_APPROACHABLE_CONCURRENCY = YES;
				SWIFT_DEFAULT_ACTOR_ISOLATION = MainActor;
				SWIFT_EMIT_LOC_STRINGS = YES;
				SWIFT_UPCOMING_FEATURE_MEMBER_IMPORT_VISIBILITY = YES;
				SWIFT_VERSION = 5.0;
				TARGETED_DEVICE_FAMILY = "1,2";
			};
			name = Debug;
		};
		88DA3D592F7BF7DC008AB7A8 /* Release */ = {
			isa = XCBuildConfiguration;
			buildSettings = {
				ASSETCATALOG_COMPILER_APPICON_NAME = AppIcon;
				ASSETCATALOG_COMPILER_GLOBAL_ACCENT_COLOR_NAME = AccentColor;
				CODE_SIGN_STYLE = Automatic;
				CURRENT_PROJECT_VERSION = 1;
				DEVELOPMENT_TEAM = 3XMQDQF9VR;
				ENABLE_PREVIEWS = YES;
				GENERATE_INFOPLIST_FILE = YES;
				INFOPLIST_KEY_LSApplicationCategoryType = "public.app-category.entertainment";
				INFOPLIST_KEY_UIApplicationSceneManifest_Generation = YES;
				INFOPLIST_KEY_UIApplicationSupportsIndirectInputEvents = YES;
				INFOPLIST_KEY_UILaunchScreen_Generation = YES;
				INFOPLIST_KEY_UISupportedInterfaceOrientations_iPad = "UIInterfaceOrientationPortrait UIInterfaceOrientationPortraitUpsideDown UIInterfaceOrientationLandscapeLeft UIInterfaceOrientationLandscapeRight";
				INFOPLIST_KEY_UISupportedInterfaceOrientations_iPhone = "UIInterfaceOrientationPortrait UIInterfaceOrientationLandscapeLeft UIInterfaceOrientationLandscapeRight";
				IPHONEOS_DEPLOYMENT_TARGET = 17.0;
				LD_RUNPATH_SEARCH_PATHS = (
					"$(inherited)",
					"@executable_path/Frameworks",
				);
				MARKETING_VERSION = 1.0;
				PRODUCT_BUNDLE_IDENTIFIER = zayata.YoungCon;
				PRODUCT_NAME = "$(TARGET_NAME)";
				STRING_CATALOG_GENERATE_SYMBOLS = YES;
				SUPPORTED_PLATFORMS = "iphoneos iphonesimulator";
				SUPPORTS_MACCATALYST = NO;
				SUPPORTS_MAC_DESIGNED_FOR_IPHONE_IPAD = NO;
				SUPPORTS_XR_DESIGNED_FOR_IPHONE_IPAD = NO;
				SWIFT_APPROACHABLE_CONCURRENCY = YES;
				SWIFT_DEFAULT_ACTOR_ISOLATION = MainActor;
				SWIFT_EMIT_LOC_STRINGS = YES;
				SWIFT_UPCOMING_FEATURE_MEMBER_IMPORT_VISIBILITY = YES;
				SWIFT_VERSION = 5.0;
				TARGETED_DEVICE_FAMILY = "1,2";
			};
			name = Release;
		};
		88DA3D5B2F7BF7DC008AB7A8 /* Debug */ = {
			isa = XCBuildConfiguration;
			buildSettings = {
				BUNDLE_LOADER = "$(TEST_HOST)";
				CODE_SIGN_STYLE = Automatic;
				CURRENT_PROJECT_VERSION = 1;
				DEVELOPMENT_TEAM = 3XMQDQF9VR;
				GENERATE_INFOPLIST_FILE = YES;
				IPHONEOS_DEPLOYMENT_TARGET = 26.4;
				MARKETING_VERSION = 1.0;
				PRODUCT_BUNDLE_IDENTIFIER = zayata.YoungConTests;
				PRODUCT_NAME = "$(TARGET_NAME)";
				STRING_CATALOG_GENERATE_SYMBOLS = NO;
				SWIFT_APPROACHABLE_CONCURRENCY = YES;
				SWIFT_EMIT_LOC_STRINGS = NO;
				SWIFT_UPCOMING_FEATURE_MEMBER_IMPORT_VISIBILITY = YES;
				SWIFT_VERSION = 5.0;
				TARGETED_DEVICE_FAMILY = "1,2";
				TEST_HOST = "$(BUILT_PRODUCTS_DIR)/YoungCon.app/$(BUNDLE_EXECUTABLE_FOLDER_PATH)/YoungCon";
			};
			name = Debug;
		};
		88DA3D5C2F7BF7DC008AB7A8 /* Release */ = {
			isa = XCBuildConfiguration;
			buildSettings = {
				BUNDLE_LOADER = "$(TEST_HOST)";
				CODE_SIGN_STYLE = Automatic;
				CURRENT_PROJECT_VERSION = 1;
				DEVELOPMENT_TEAM = 3XMQDQF9VR;
				GENERATE_INFOPLIST_FILE = YES;
				IPHONEOS_DEPLOYMENT_TARGET = 26.4;
				MARKETING_VERSION = 1.0;
				PRODUCT_BUNDLE_IDENTIFIER = zayata.YoungConTests;
				PRODUCT_NAME = "$(TARGET_NAME)";
				STRING_CATALOG_GENERATE_SYMBOLS = NO;
				SWIFT_APPROACHABLE_CONCURRENCY = YES;
				SWIFT_EMIT_LOC_STRINGS = NO;
				SWIFT_UPCOMING_FEATURE_MEMBER_IMPORT_VISIBILITY = YES;
				SWIFT_VERSION = 5.0;
				TARGETED_DEVICE_FAMILY = "1,2";
				TEST_HOST = "$(BUILT_PRODUCTS_DIR)/YoungCon.app/$(BUNDLE_EXECUTABLE_FOLDER_PATH)/YoungCon";
			};
			name = Release;
		};
		88DA3D5E2F7BF7DC008AB7A8 /* Debug */ = {
			isa = XCBuildConfiguration;
			buildSettings = {
				CODE_SIGN_STYLE = Automatic;
				CURRENT_PROJECT_VERSION = 1;
				DEVELOPMENT_TEAM = 3XMQDQF9VR;
				GENERATE_INFOPLIST_FILE = YES;
				MARKETING_VERSION = 1.0;
				PRODUCT_BUNDLE_IDENTIFIER = zayata.YoungConUITests;
				PRODUCT_NAME = "$(TARGET_NAME)";
				STRING_CATALOG_GENERATE_SYMBOLS = NO;
				SWIFT_APPROACHABLE_CONCURRENCY = YES;
				SWIFT_EMIT_LOC_STRINGS = NO;
				SWIFT_UPCOMING_FEATURE_MEMBER_IMPORT_VISIBILITY = YES;
				SWIFT_VERSION = 5.0;
				TARGETED_DEVICE_FAMILY = "1,2";
				TEST_TARGET_NAME = YoungCon;
			};
			name = Debug;
		};
		88DA3D5F2F7BF7DC008AB7A8 /* Release */ = {
			isa = XCBuildConfiguration;
			buildSettings = {
				CODE_SIGN_STYLE = Automatic;
				CURRENT_PROJECT_VERSION = 1;
				DEVELOPMENT_TEAM = 3XMQDQF9VR;
				GENERATE_INFOPLIST_FILE = YES;
				MARKETING_VERSION = 1.0;
				PRODUCT_BUNDLE_IDENTIFIER = zayata.YoungConUITests;
				PRODUCT_NAME = "$(TARGET_NAME)";
				STRING_CATALOG_GENERATE_SYMBOLS = NO;
				SWIFT_APPROACHABLE_CONCURRENCY = YES;
				SWIFT_EMIT_LOC_STRINGS = NO;
				SWIFT_UPCOMING_FEATURE_MEMBER_IMPORT_VISIBILITY = YES;
				SWIFT_VERSION = 5.0;
				TARGETED_DEVICE_FAMILY = "1,2";
				TEST_TARGET_NAME = YoungCon;
			};
			name = Release;
		};
/* End XCBuildConfiguration section */

/* Begin XCConfigurationList section */
		88DA3D312F7BF7DA008AB7A8 /* Build configuration list for PBXProject "YoungCon" */ = {
			isa = XCConfigurationList;
			buildConfigurations = (
				88DA3D552F7BF7DC008AB7A8 /* Debug */,
				88DA3D562F7BF7DC008AB7A8 /* Release */,
			);
			defaultConfigurationIsVisible = 0;
			defaultConfigurationName = Release;
		};
		88DA3D572F7BF7DC008AB7A8 /* Build configuration list for PBXNativeTarget "YoungCon" */ = {
			isa = XCConfigurationList;
			buildConfigurations = (
				88DA3D582F7BF7DC008AB7A8 /* Debug */,
				88DA3D592F7BF7DC008AB7A8 /* Release */,
			);
			defaultConfigurationIsVisible = 0;
			defaultConfigurationName = Release;
		};
		88DA3D5A2F7BF7DC008AB7A8 /* Build configuration list for PBXNativeTarget "YoungConTests" */ = {
			isa = XCConfigurationList;
			buildConfigurations = (
				88DA3D5B2F7BF7DC008AB7A8 /* Debug */,
				88DA3D5C2F7BF7DC008AB7A8 /* Release */,
			);
			defaultConfigurationIsVisible = 0;
			defaultConfigurationName = Release;
		};
		88DA3D5D2F7BF7DC008AB7A8 /* Build configuration list for PBXNativeTarget "YoungConUITests" */ = {
			isa = XCConfigurationList;
			buildConfigurations = (
				88DA3D5E2F7BF7DC008AB7A8 /* Debug */,
				88DA3D5F2F7BF7DC008AB7A8 /* Release */,
			);
			defaultConfigurationIsVisible = 0;
			defaultConfigurationName = Release;
		};
/* End XCConfigurationList section */
	};
	rootObject = 88DA3D2E2F7BF7DA008AB7A8 /* Project object */;
}
